
Microsoft Visual Studio Solution File, Format Version 12.00
Project("{2150E333-8FDC-42A3-9474-1A3956D46DE8}") = "Application", "Application", "{00FF1DB4-FAED-48AC-A669-7147AA641EFF}"
EndProject
Project("{2150E333-8FDC-42A3-9474-1A3956D46DE8}") = "Infrastructure", "Infrastructure", "{6EC29018-2243-4B9E-A9D3-42AA179F58EB}"
EndProject
Project("{2150E333-8FDC-42A3-9474-1A3956D46DE8}") = "Presentation", "Presentation", "{2BC124E6-910C-4EE4-8AC1-5BFC09E96086}"
EndProject
Project("{2150E333-8FDC-42A3-9474-1A3956D46DE8}") = "src", "src", "{E5111705-26A4-41ED-8B76-3A9CD687D6C9}"
EndProject
Project("{FAE04EC0-301F-11D3-BF4B-00C04F79EFBC}") = "PaymentService.Infrastructure.DataAccess", "src\Infrastructure\PaymentService.Infrastructure.DataAccess\PaymentService.Infrastructure.DataAccess.csproj", "{137BA42D-BF1E-4BB8-94A6-E4F05315BD7B}"
EndProject
Global
	GlobalSection(SolutionConfigurationPlatforms) = preSolution
		Debug|Any CPU = Debug|Any CPU
		Release|Any CPU = Release|Any CPU
	EndGlobalSection
	GlobalSection(ProjectConfigurationPlatforms) = postSolution
		{137BA42D-BF1E-4BB8-94A6-E4F05315BD7B}.Debug|Any CPU.ActiveCfg = Debug|Any CPU
		{137BA42D-BF1E-4BB8-94A6-E4F05315BD7B}.Debug|Any CPU.Build.0 = Debug|Any CPU
		{137BA42D-BF1E-4BB8-94A6-E4F05315BD7B}.Release|Any CPU.ActiveCfg = Release|Any CPU
		{137BA42D-BF1E-4BB8-94A6-E4F05315BD7B}.Release|Any CPU.Build.0 = Release|Any CPU
	EndGlobalSection
	GlobalSection(NestedProjects) = preSolution
		{6EC29018-2243-4B9E-A9D3-42AA179F58EB} = {E5111705-26A4-41ED-8B76-3A9CD687D6C9}
		{00FF1DB4-FAED-48AC-A669-7147AA641EFF} = {E5111705-26A4-41ED-8B76-3A9CD687D6C9}
		{2BC124E6-910C-4EE4-8AC1-5BFC09E96086} = {E5111705-26A4-41ED-8B76-3A9CD687D6C9}
		{137BA42D-BF1E-4BB8-94A6-E4F05315BD7B} = {6EC29018-2243-4B9E-A9D3-42AA179F58EB}
	EndGlobalSection
EndGlobal
